
Microsoft Visual Studio Solution File, Format Version 12.00
# Visual Studio Version 16
VisualStudioVersion = 16.0.30104.148
MinimumVisualStudioVersion = 10.0.40219.1
Project("{FAE04EC0-301F-11D3-BF4B-00C04F79EFBC}") = "8hét", "8hét\8hét.csproj", "{F2378652-C5BA-4429-9C28-85B05EA7AAD8}"
EndProject
Global
	GlobalSection(SolutionConfigurationPlatforms) = preSolution
		Debug|Any CPU = Debug|Any CPU
		Release|Any CPU = Release|Any CPU
	EndGlobalSection
	GlobalSection(ProjectConfigurationPlatforms) = postSolution
		{F2378652-C5BA-4429-9C28-85B05EA7AAD8}.Debug|Any CPU.ActiveCfg = Debug|Any CPU
		{F2378652-C5BA-4429-9C28-85B05EA7AAD8}.Debug|Any CPU.Build.0 = Debug|Any CPU
		{F2378652-C5BA-4429-9C28-85B05EA7AAD8}.Release|Any CPU.ActiveCfg = Release|Any CPU
		{F2378652-C5BA-4429-9C28-85B05EA7AAD8}.Release|Any CPU.Build.0 = Release|Any CPU
	EndGlobalSection
	GlobalSection(SolutionProperties) = preSolution
		HideSolutionNode = FALSE
	EndGlobalSection
	GlobalSection(ExtensibilityGlobals) = postSolution
		SolutionGuid = {2C0E12D0-50E5-47E7-BD23-43EAFE84CF9B}
	EndGlobalSection
EndGlobal
