
Microsoft Visual Studio Solution File, Format Version 12.00
# Visual Studio Version 16
VisualStudioVersion = 16.0.30104.148
MinimumVisualStudioVersion = 10.0.40219.1
Project("{FAE04EC0-301F-11D3-BF4B-00C04F79EFBC}") = "gyak7", "gyak7\gyak7.csproj", "{10692191-61DE-44FE-97C8-3C02C20DD7CC}"
EndProject
Global
	GlobalSection(SolutionConfigurationPlatforms) = preSolution
		Debug|Any CPU = Debug|Any CPU
		Release|Any CPU = Release|Any CPU
	EndGlobalSection
	GlobalSection(ProjectConfigurationPlatforms) = postSolution
		{10692191-61DE-44FE-97C8-3C02C20DD7CC}.Debug|Any CPU.ActiveCfg = Debug|Any CPU
		{10692191-61DE-44FE-97C8-3C02C20DD7CC}.Debug|Any CPU.Build.0 = Debug|Any CPU
		{10692191-61DE-44FE-97C8-3C02C20DD7CC}.Release|Any CPU.ActiveCfg = Release|Any CPU
		{10692191-61DE-44FE-97C8-3C02C20DD7CC}.Release|Any CPU.Build.0 = Release|Any CPU
	EndGlobalSection
	GlobalSection(SolutionProperties) = preSolution
		HideSolutionNode = FALSE
	EndGlobalSection
	GlobalSection(ExtensibilityGlobals) = postSolution
		SolutionGuid = {4AD178B7-F28F-4B83-86B8-B2ADCE3E96DF}
	EndGlobalSection
EndGlobal
