
Microsoft Visual Studio Solution File, Format Version 12.00
# Visual Studio Version 16
VisualStudioVersion = 16.0.30104.148
MinimumVisualStudioVersion = 10.0.40219.1
Project("{FAE04EC0-301F-11D3-BF4B-00C04F79EFBC}") = "UserMaintenance", "UserMaintenance\UserMaintenance.csproj", "{FBC005EF-C736-4215-93F6-76B86B435DA3}"
EndProject
Global
	GlobalSection(SolutionConfigurationPlatforms) = preSolution
		Debug|Any CPU = Debug|Any CPU
		Release|Any CPU = Release|Any CPU
	EndGlobalSection
	GlobalSection(ProjectConfigurationPlatforms) = postSolution
		{FBC005EF-C736-4215-93F6-76B86B435DA3}.Debug|Any CPU.ActiveCfg = Debug|Any CPU
		{FBC005EF-C736-4215-93F6-76B86B435DA3}.Debug|Any CPU.Build.0 = Debug|Any CPU
		{FBC005EF-C736-4215-93F6-76B86B435DA3}.Release|Any CPU.ActiveCfg = Release|Any CPU
		{FBC005EF-C736-4215-93F6-76B86B435DA3}.Release|Any CPU.Build.0 = Release|Any CPU
	EndGlobalSection
	GlobalSection(SolutionProperties) = preSolution
		HideSolutionNode = FALSE
	EndGlobalSection
	GlobalSection(ExtensibilityGlobals) = postSolution
		SolutionGuid = {1F3EF10B-2D4B-4AF5-8844-968ABF9650E5}
	EndGlobalSection
EndGlobal
